
Microsoft Visual Studio Solution File, Format Version 12.00
# Visual Studio Version 17
VisualStudioVersion = 17.4.33110.190
MinimumVisualStudioVersion = 10.0.40219.1
Project("{FAE04EC0-301F-11D3-BF4B-00C04F79EFBC}") = "AbelThueOnline", "AbelThueOnline\AbelThueOnline.csproj", "{7D87E52B-9746-4F20-AEB3-7D742955C01F}"
EndProject
Project("{FAE04EC0-301F-11D3-BF4B-00C04F79EFBC}") = "Algorithms", "MCTS\Algorithms.csproj", "{8B18384B-1E7D-414F-AF0E-3367FE632199}"
EndProject
Global
	GlobalSection(SolutionConfigurationPlatforms) = preSolution
		Debug|Any CPU = Debug|Any CPU
		Release|Any CPU = Release|Any CPU
	EndGlobalSection
	GlobalSection(ProjectConfigurationPlatforms) = postSolution
		{7D87E52B-9746-4F20-AEB3-7D742955C01F}.Debug|Any CPU.ActiveCfg = Debug|Any CPU
		{7D87E52B-9746-4F20-AEB3-7D742955C01F}.Debug|Any CPU.Build.0 = Debug|Any CPU
		{7D87E52B-9746-4F20-AEB3-7D742955C01F}.Release|Any CPU.ActiveCfg = Release|Any CPU
		{7D87E52B-9746-4F20-AEB3-7D742955C01F}.Release|Any CPU.Build.0 = Release|Any CPU
		{8B18384B-1E7D-414F-AF0E-3367FE632199}.Debug|Any CPU.ActiveCfg = Debug|Any CPU
		{8B18384B-1E7D-414F-AF0E-3367FE632199}.Debug|Any CPU.Build.0 = Debug|Any CPU
		{8B18384B-1E7D-414F-AF0E-3367FE632199}.Release|Any CPU.ActiveCfg = Release|Any CPU
		{8B18384B-1E7D-414F-AF0E-3367FE632199}.Release|Any CPU.Build.0 = Release|Any CPU
	EndGlobalSection
	GlobalSection(SolutionProperties) = preSolution
		HideSolutionNode = FALSE
	EndGlobalSection
	GlobalSection(ExtensibilityGlobals) = postSolution
		SolutionGuid = {8373BF60-F4AB-48E5-93F3-8EAF9ECB44C6}
	EndGlobalSection
EndGlobal
